
Microsoft Visual Studio Solution File, Format Version 12.00
# Visual Studio Version 16
VisualStudioVersion = 16.0.31702.278
MinimumVisualStudioVersion = 10.0.40219.1
Project("{FAE04EC0-301F-11D3-BF4B-00C04F79EFBC}") = "3.Listas", "3.Listas\3.Listas.csproj", "{F945C46F-EAAE-488C-AC7A-509F225E3ECA}"
EndProject
Global
	GlobalSection(SolutionConfigurationPlatforms) = preSolution
		Debug|Any CPU = Debug|Any CPU
		Release|Any CPU = Release|Any CPU
	EndGlobalSection
	GlobalSection(ProjectConfigurationPlatforms) = postSolution
		{F945C46F-EAAE-488C-AC7A-509F225E3ECA}.Debug|Any CPU.ActiveCfg = Debug|Any CPU
		{F945C46F-EAAE-488C-AC7A-509F225E3ECA}.Debug|Any CPU.Build.0 = Debug|Any CPU
		{F945C46F-EAAE-488C-AC7A-509F225E3ECA}.Release|Any CPU.ActiveCfg = Release|Any CPU
		{F945C46F-EAAE-488C-AC7A-509F225E3ECA}.Release|Any CPU.Build.0 = Release|Any CPU
	EndGlobalSection
	GlobalSection(SolutionProperties) = preSolution
		HideSolutionNode = FALSE
	EndGlobalSection
	GlobalSection(ExtensibilityGlobals) = postSolution
		SolutionGuid = {1BC5AD43-4E8F-43FD-9A45-157A0FC69E26}
	EndGlobalSection
EndGlobal
